
Microsoft Visual Studio Solution File, Format Version 12.00
# Visual Studio 14
VisualStudioVersion = 14.0.24720.0
MinimumVisualStudioVersion = 10.0.40219.1
Project("{FAE04EC0-301F-11D3-BF4B-00C04F79EFBC}") = "TFCalc", "TFCalc\TFCalc.csproj", "{4B4C2DAF-1C56-479C-B461-0BB526D88E7F}"
EndProject
Project("{54435603-DBB4-11D2-8724-00A0C9A8B90C}") = "PhD Milovan Tomašević", "TFCalc Installer\TFCalc Installer.vdproj", "{27D1E5E6-05CD-49F1-9520-FAEBC8F44D19}"
EndProject
Global
	GlobalSection(SolutionConfigurationPlatforms) = preSolution
		Debug|Any CPU = Debug|Any CPU
		Release|Any CPU = Release|Any CPU
	EndGlobalSection
	GlobalSection(ProjectConfigurationPlatforms) = postSolution
		{4B4C2DAF-1C56-479C-B461-0BB526D88E7F}.Debug|Any CPU.ActiveCfg = Debug|Any CPU
		{4B4C2DAF-1C56-479C-B461-0BB526D88E7F}.Debug|Any CPU.Build.0 = Debug|Any CPU
		{4B4C2DAF-1C56-479C-B461-0BB526D88E7F}.Release|Any CPU.ActiveCfg = Release|Any CPU
		{4B4C2DAF-1C56-479C-B461-0BB526D88E7F}.Release|Any CPU.Build.0 = Release|Any CPU
		{27D1E5E6-05CD-49F1-9520-FAEBC8F44D19}.Debug|Any CPU.ActiveCfg = Debug
		{27D1E5E6-05CD-49F1-9520-FAEBC8F44D19}.Release|Any CPU.ActiveCfg = Release
	EndGlobalSection
	GlobalSection(SolutionProperties) = preSolution
		HideSolutionNode = FALSE
	EndGlobalSection
EndGlobal
